
Microsoft Visual Studio Solution File, Format Version 12.00
# Visual Studio Version 17
VisualStudioVersion = 17.3.32819.101
MinimumVisualStudioVersion = 10.0.40219.1
Project("{FAE04EC0-301F-11D3-BF4B-00C04F79EFBC}") = "Projeto-Aula-142", "Projeto-Aula-142.csproj", "{43CF2E0E-B87D-4DDE-983E-FA3ADE79BD79}"
EndProject
Global
	GlobalSection(SolutionConfigurationPlatforms) = preSolution
		Debug|Any CPU = Debug|Any CPU
		Release|Any CPU = Release|Any CPU
	EndGlobalSection
	GlobalSection(ProjectConfigurationPlatforms) = postSolution
		{43CF2E0E-B87D-4DDE-983E-FA3ADE79BD79}.Debug|Any CPU.ActiveCfg = Debug|Any CPU
		{43CF2E0E-B87D-4DDE-983E-FA3ADE79BD79}.Debug|Any CPU.Build.0 = Debug|Any CPU
		{43CF2E0E-B87D-4DDE-983E-FA3ADE79BD79}.Release|Any CPU.ActiveCfg = Release|Any CPU
		{43CF2E0E-B87D-4DDE-983E-FA3ADE79BD79}.Release|Any CPU.Build.0 = Release|Any CPU
	EndGlobalSection
	GlobalSection(SolutionProperties) = preSolution
		HideSolutionNode = FALSE
	EndGlobalSection
	GlobalSection(ExtensibilityGlobals) = postSolution
		SolutionGuid = {62B6D388-4F04-4D99-B91A-F915419CA01E}
	EndGlobalSection
EndGlobal
